
Microsoft Visual Studio Solution File, Format Version 12.00
# Visual Studio Version 17
VisualStudioVersion = 17.14.36518.9 d17.14
MinimumVisualStudioVersion = 10.0.40219.1
Project("{FAE04EC0-301F-11D3-BF4B-00C04F79EFBC}") = "Poenariu_ElenaTeodora_Lab2", "Poenariu_ElenaTeodora_Lab2.csproj", "{44D25402-8E29-4414-BDEA-61B6C75B1360}"
EndProject
Global
	GlobalSection(SolutionConfigurationPlatforms) = preSolution
		Debug|Any CPU = Debug|Any CPU
		Release|Any CPU = Release|Any CPU
	EndGlobalSection
	GlobalSection(ProjectConfigurationPlatforms) = postSolution
		{44D25402-8E29-4414-BDEA-61B6C75B1360}.Debug|Any CPU.ActiveCfg = Debug|Any CPU
		{44D25402-8E29-4414-BDEA-61B6C75B1360}.Debug|Any CPU.Build.0 = Debug|Any CPU
		{44D25402-8E29-4414-BDEA-61B6C75B1360}.Release|Any CPU.ActiveCfg = Release|Any CPU
		{44D25402-8E29-4414-BDEA-61B6C75B1360}.Release|Any CPU.Build.0 = Release|Any CPU
	EndGlobalSection
	GlobalSection(SolutionProperties) = preSolution
		HideSolutionNode = FALSE
	EndGlobalSection
	GlobalSection(ExtensibilityGlobals) = postSolution
		SolutionGuid = {E5E427B8-BD76-4C7D-A858-07D735C87891}
	EndGlobalSection
EndGlobal
